
Microsoft Visual Studio Solution File, Format Version 12.00
# Visual Studio Version 17
VisualStudioVersion = 17.2.32526.322
MinimumVisualStudioVersion = 10.0.40219.1
Project("{FAE04EC0-301F-11D3-BF4B-00C04F79EFBC}") = "Regex.Password", "Regex.Password\Regex.Password.csproj", "{603CB994-5704-4A3F-A6F7-D2D6D850191C}"
EndProject
Global
	GlobalSection(SolutionConfigurationPlatforms) = preSolution
		Debug|Any CPU = Debug|Any CPU
		Release|Any CPU = Release|Any CPU
	EndGlobalSection
	GlobalSection(ProjectConfigurationPlatforms) = postSolution
		{603CB994-5704-4A3F-A6F7-D2D6D850191C}.Debug|Any CPU.ActiveCfg = Debug|Any CPU
		{603CB994-5704-4A3F-A6F7-D2D6D850191C}.Debug|Any CPU.Build.0 = Debug|Any CPU
		{603CB994-5704-4A3F-A6F7-D2D6D850191C}.Release|Any CPU.ActiveCfg = Release|Any CPU
		{603CB994-5704-4A3F-A6F7-D2D6D850191C}.Release|Any CPU.Build.0 = Release|Any CPU
	EndGlobalSection
	GlobalSection(SolutionProperties) = preSolution
		HideSolutionNode = FALSE
	EndGlobalSection
	GlobalSection(ExtensibilityGlobals) = postSolution
		SolutionGuid = {9DF734B5-8E5B-433A-B869-FB593FE0D6FE}
	EndGlobalSection
EndGlobal
